
Microsoft Visual Studio Solution File, Format Version 12.00
# Visual Studio 15
VisualStudioVersion = 15.0.28307.136
MinimumVisualStudioVersion = 10.0.40219.1
Project("{FAE04EC0-301F-11D3-BF4B-00C04F79EFBC}") = "Doe.Ls.RAndD.CodeFirst", "CodeFirst\Doe.Ls.RAndD.CodeFirst.csproj", "{BDF670A4-0CC1-4A77-855A-C58B9924A47D}"
EndProject
Project("{FAE04EC0-301F-11D3-BF4B-00C04F79EFBC}") = "Doe.Ls.RAndD.CodeFirst.Bll", "Doe.Ls.RAndD.CodeFirst.Bll\Doe.Ls.RAndD.CodeFirst.Bll.csproj", "{2B0FF58B-9F58-4DB6-A09B-57C353FF9C2F}"
EndProject
Project("{FAE04EC0-301F-11D3-BF4B-00C04F79EFBC}") = "Doe.Ls.RAndD.CodeFirst.Runer", "Doe.Ls.RAndD.CodeFirst.Runer\Doe.Ls.RAndD.CodeFirst.Runer.csproj", "{16C5146D-498C-497F-9328-DF4F62B18739}"
EndProject
Global
	GlobalSection(SolutionConfigurationPlatforms) = preSolution
		Debug|Any CPU = Debug|Any CPU
		Release|Any CPU = Release|Any CPU
	EndGlobalSection
	GlobalSection(ProjectConfigurationPlatforms) = postSolution
		{BDF670A4-0CC1-4A77-855A-C58B9924A47D}.Debug|Any CPU.ActiveCfg = Debug|Any CPU
		{BDF670A4-0CC1-4A77-855A-C58B9924A47D}.Debug|Any CPU.Build.0 = Debug|Any CPU
		{BDF670A4-0CC1-4A77-855A-C58B9924A47D}.Release|Any CPU.ActiveCfg = Release|Any CPU
		{BDF670A4-0CC1-4A77-855A-C58B9924A47D}.Release|Any CPU.Build.0 = Release|Any CPU
		{2B0FF58B-9F58-4DB6-A09B-57C353FF9C2F}.Debug|Any CPU.ActiveCfg = Debug|Any CPU
		{2B0FF58B-9F58-4DB6-A09B-57C353FF9C2F}.Debug|Any CPU.Build.0 = Debug|Any CPU
		{2B0FF58B-9F58-4DB6-A09B-57C353FF9C2F}.Release|Any CPU.ActiveCfg = Release|Any CPU
		{2B0FF58B-9F58-4DB6-A09B-57C353FF9C2F}.Release|Any CPU.Build.0 = Release|Any CPU
		{16C5146D-498C-497F-9328-DF4F62B18739}.Debug|Any CPU.ActiveCfg = Debug|Any CPU
		{16C5146D-498C-497F-9328-DF4F62B18739}.Debug|Any CPU.Build.0 = Debug|Any CPU
		{16C5146D-498C-497F-9328-DF4F62B18739}.Release|Any CPU.ActiveCfg = Release|Any CPU
		{16C5146D-498C-497F-9328-DF4F62B18739}.Release|Any CPU.Build.0 = Release|Any CPU
	EndGlobalSection
	GlobalSection(SolutionProperties) = preSolution
		HideSolutionNode = FALSE
	EndGlobalSection
	GlobalSection(ExtensibilityGlobals) = postSolution
		SolutionGuid = {A2B7B7CF-23A8-496B-AD89-B6D083764796}
	EndGlobalSection
EndGlobal
